schema: '2.0'
stages:
  train:
    cmd: python src/train.py
    deps:
    - path: data/train.csv
      hash: md5
      md5: c7bfa482384621ef7a6351daf2eb33f7
      size: 2452090
    - path: src/train.py
      hash: md5
      md5: d8c306fd64f4a68209ad8b8c2daf2fcc
      size: 1976
    outs:
    - path: models/catboost_model.pkl
      hash: md5
      md5: 8a6a99b41b9b65b63748e3665aa7fcbe
      size: 266790
