schema: '2.0'
stages:
  train:
    cmd: python src/train.py
    deps:
    - path: data/train.csv
      hash: md5
      md5: c7bfa482384621ef7a6351daf2eb33f7
      size: 2452090
    - path: src/train.py
      hash: md5
      md5: d400419f03dc4bcf77239360d68ae95f
      size: 1785
    outs:
    - path: models/catboost_model.pkl
      hash: md5
      md5: 88b187b15d5f32fb8f252aab8d8cb742
      size: 266790
