schema: '2.0'
stages:
  train:
    cmd: python src/train.py
    deps:
    - path: data/train.csv
      hash: md5
      md5: 37cee89dac11294c79f3eb5fe7245264
      size: 2451862
    - path: src/train.py
      hash: md5
      md5: d8c306fd64f4a68209ad8b8c2daf2fcc
      size: 1976
    outs:
    - path: models/catboost_model.pkl
      hash: md5
      md5: 726b03eb7b4a0c839a6e83204cbda588
      size: 218005
